// !$*UTF8*$!
{
	archiveVersion = 1;
	classes = {
	};
	objectVersion = 55;
	objects = {

/* Begin PBXBuildFile section */
		00D57EDC2761E4ED003E2AE7 /* CoffeeApp.swift in Sources */ = {isa = PBXBuildFile; fileRef = 00D57EDB2761E4ED003E2AE7 /* CoffeeApp.swift */; };
		00D57EDE2761E4ED003E2AE7 /* ContentView.swift in Sources */ = {isa = PBXBuildFile; fileRef = 00D57EDD2761E4ED003E2AE7 /* ContentView.swift */; };
		00D57EE02761E4EF003E2AE7 /* Assets.xcassets in Resources */ = {isa = PBXBuildFile; fileRef = 00D57EDF2761E4EF003E2AE7 /* Assets.xcassets */; };
		00D57EE32761E4EF003E2AE7 /* Preview Assets.xcassets in Resources */ = {isa = PBXBuildFile; fileRef = 00D57EE22761E4EF003E2AE7 /* Preview Assets.xcassets */; };
		00D57EEB2761E532003E2AE7 /* Coffee.swift in Sources */ = {isa = PBXBuildFile; fileRef = 00D57EEA2761E532003E2AE7 /* Coffee.swift */; };
		00D57EED2761E677003E2AE7 /* Order.swift in Sources */ = {isa = PBXBuildFile; fileRef = 00D57EEC2761E677003E2AE7 /* Order.swift */; };
		00D57EF02761E72E003E2AE7 /* CoffeeService.swift in Sources */ = {isa = PBXBuildFile; fileRef = 00D57EEF2761E72E003E2AE7 /* CoffeeService.swift */; };
		00D57EF42761E9A4003E2AE7 /* OrderListViewModel.swift in Sources */ = {isa = PBXBuildFile; fileRef = 00D57EF32761E9A4003E2AE7 /* OrderListViewModel.swift */; };
		00D57EF72761EBF5003E2AE7 /* OrderListView.swift in Sources */ = {isa = PBXBuildFile; fileRef = 00D57EF62761EBF5003E2AE7 /* OrderListView.swift */; };
		00D57EF92761F186003E2AE7 /* CreateOrderResponse.swift in Sources */ = {isa = PBXBuildFile; fileRef = 00D57EF82761F186003E2AE7 /* CreateOrderResponse.swift */; };
/* End PBXBuildFile section */

/* Begin PBXFileReference section */
		00D57ED82761E4ED003E2AE7 /* Coffee.app */ = {isa = PBXFileReference; explicitFileType = wrapper.application; includeInIndex = 0; path = Coffee.app; sourceTree = BUILT_PRODUCTS_DIR; };
		00D57EDB2761E4ED003E2AE7 /* CoffeeApp.swift */ = {isa = PBXFileReference; lastKnownFileType = sourcecode.swift; path = CoffeeApp.swift; sourceTree = "<group>"; };
		00D57EDD2761E4ED003E2AE7 /* ContentView.swift */ = {isa = PBXFileReference; lastKnownFileType = sourcecode.swift; path = ContentView.swift; sourceTree = "<group>"; };
		00D57EDF2761E4EF003E2AE7 /* Assets.xcassets */ = {isa = PBXFileReference; lastKnownFileType = folder.assetcatalog; path = Assets.xcassets; sourceTree = "<group>"; };
		00D57EE22761E4EF003E2AE7 /* Preview Assets.xcassets */ = {isa = PBXFileReference; lastKnownFileType = folder.assetcatalog; path = "Preview Assets.xcassets"; sourceTree = "<group>"; };
		00D57EEA2761E532003E2AE7 /* Coffee.swift */ = {isa = PBXFileReference; lastKnownFileType = sourcecode.swift; path = Coffee.swift; sourceTree = "<group>"; };
		00D57EEC2761E677003E2AE7 /* Order.swift */ = {isa = PBXFileReference; lastKnownFileType = sourcecode.swift; path = Order.swift; sourceTree = "<group>"; };
		00D57EEF2761E72E003E2AE7 /* CoffeeService.swift */ = {isa = PBXFileReference; lastKnownFileType = sourcecode.swift; path = CoffeeService.swift; sourceTree = "<group>"; };
		00D57EF12761E8FC003E2AE7 /* Info.plist */ = {isa = PBXFileReference; lastKnownFileType = text.plist; path = Info.plist; sourceTree = "<group>"; };
		00D57EF32761E9A4003E2AE7 /* OrderListViewModel.swift */ = {isa = PBXFileReference; lastKnownFileType = sourcecode.swift; path = OrderListViewModel.swift; sourceTree = "<group>"; };
		00D57EF62761EBF5003E2AE7 /* OrderListView.swift */ = {isa = PBXFileReference; lastKnownFileType = sourcecode.swift; path = OrderListView.swift; sourceTree = "<group>"; };
		00D57EF82761F186003E2AE7 /* CreateOrderResponse.swift */ = {isa = PBXFileReference; lastKnownFileType = sourcecode.swift; path = CreateOrderResponse.swift; sourceTree = "<group>"; };
/* End PBXFileReference section */

/* Begin PBXFrameworksBuildPhase section */
		00D57ED52761E4ED003E2AE7 /* Frameworks */ = {
			isa = PBXFrameworksBuildPhase;
			buildActionMask = 2147483647;
			files = (
			);
			runOnlyForDeploymentPostprocessing = 0;
		};
/* End PBXFrameworksBuildPhase section */

/* Begin PBXGroup section */
		00D57ECF2761E4ED003E2AE7 = {
			isa = PBXGroup;
			children = (
				00D57EDA2761E4ED003E2AE7 /* Coffee */,
				00D57ED92761E4ED003E2AE7 /* Products */,
			);
			sourceTree = "<group>";
		};
		00D57ED92761E4ED003E2AE7 /* Products */ = {
			isa = PBXGroup;
			children = (
				00D57ED82761E4ED003E2AE7 /* Coffee.app */,
			);
			name = Products;
			sourceTree = "<group>";
		};
		00D57EDA2761E4ED003E2AE7 /* Coffee */ = {
			isa = PBXGroup;
			children = (
				00D57EDF2761E4EF003E2AE7 /* Assets.xcassets */,
				00D57EDB2761E4ED003E2AE7 /* CoffeeApp.swift */,
				00D57EF12761E8FC003E2AE7 /* Info.plist */,
				00D57EE92761E527003E2AE7 /* Models */,
				00D57EE12761E4EF003E2AE7 /* Preview Content */,
				00D57EEE2761E725003E2AE7 /* Services */,
				00D57EF22761E959003E2AE7 /* ViewModels */,
				00D57EF52761EBBD003E2AE7 /* Views */,
			);
			path = Coffee;
			sourceTree = "<group>";
		};
		00D57EE12761E4EF003E2AE7 /* Preview Content */ = {
			isa = PBXGroup;
			children = (
				00D57EE22761E4EF003E2AE7 /* Preview Assets.xcassets */,
			);
			path = "Preview Content";
			sourceTree = "<group>";
		};
		00D57EE92761E527003E2AE7 /* Models */ = {
			isa = PBXGroup;
			children = (
				00D57EEA2761E532003E2AE7 /* Coffee.swift */,
				00D57EEC2761E677003E2AE7 /* Order.swift */,
				00D57EF82761F186003E2AE7 /* CreateOrderResponse.swift */,
			);
			path = Models;
			sourceTree = "<group>";
		};
		00D57EEE2761E725003E2AE7 /* Services */ = {
			isa = PBXGroup;
			children = (
				00D57EEF2761E72E003E2AE7 /* CoffeeService.swift */,
			);
			path = Services;
			sourceTree = "<group>";
		};
		00D57EF22761E959003E2AE7 /* ViewModels */ = {
			isa = PBXGroup;
			children = (
				00D57EF32761E9A4003E2AE7 /* OrderListViewModel.swift */,
			);
			path = ViewModels;
			sourceTree = "<group>";
		};
		00D57EF52761EBBD003E2AE7 /* Views */ = {
			isa = PBXGroup;
			children = (
				00D57EDD2761E4ED003E2AE7 /* ContentView.swift */,
				00D57EF62761EBF5003E2AE7 /* OrderListView.swift */,
			);
			path = Views;
			sourceTree = "<group>";
		};
/* End PBXGroup section */

/* Begin PBXNativeTarget section */
		00D57ED72761E4ED003E2AE7 /* Coffee */ = {
			isa = PBXNativeTarget;
			buildConfigurationList = 00D57EE62761E4EF003E2AE7 /* Build configuration list for PBXNativeTarget "Coffee" */;
			buildPhases = (
				00D57ED42761E4ED003E2AE7 /* Sources */,
				00D57ED52761E4ED003E2AE7 /* Frameworks */,
				00D57ED62761E4ED003E2AE7 /* Resources */,
			);
			buildRules = (
			);
			dependencies = (
			);
			name = Coffee;
			productName = Coffee;
			productReference = 00D57ED82761E4ED003E2AE7 /* Coffee.app */;
			productType = "com.apple.product-type.application";
		};
/* End PBXNativeTarget section */

/* Begin PBXProject section */
		00D57ED02761E4ED003E2AE7 /* Project object */ = {
			isa = PBXProject;
			attributes = {
				BuildIndependentTargetsInParallel = 1;
				LastSwiftUpdateCheck = 1310;
				LastUpgradeCheck = 1310;
				TargetAttributes = {
					00D57ED72761E4ED003E2AE7 = {
						CreatedOnToolsVersion = 13.1;
					};
				};
			};
			buildConfigurationList = 00D57ED32761E4ED003E2AE7 /* Build configuration list for PBXProject "Coffee" */;
			compatibilityVersion = "Xcode 13.0";
			developmentRegion = en;
			hasScannedForEncodings = 0;
			knownRegions = (
				en,
				Base,
			);
			mainGroup = 00D57ECF2761E4ED003E2AE7;
			productRefGroup = 00D57ED92761E4ED003E2AE7 /* Products */;
			projectDirPath = "";
			projectRoot = "";
			targets = (
				00D57ED72761E4ED003E2AE7 /* Coffee */,
			);
		};
/* End PBXProject section */

/* Begin PBXResourcesBuildPhase section */
		00D57ED62761E4ED003E2AE7 /* Resources */ = {
			isa = PBXResourcesBuildPhase;
			buildActionMask = 2147483647;
			files = (
				00D57EE32761E4EF003E2AE7 /* Preview Assets.xcassets in Resources */,
				00D57EE02761E4EF003E2AE7 /* Assets.xcassets in Resources */,
			);
			runOnlyForDeploymentPostprocessing = 0;
		};
/* End PBXResourcesBuildPhase section */

/* Begin PBXSourcesBuildPhase section */
		00D57ED42761E4ED003E2AE7 /* Sources */ = {
			isa = PBXSourcesBuildPhase;
			buildActionMask = 2147483647;
			files = (
				00D57EDE2761E4ED003E2AE7 /* ContentView.swift in Sources */,
				00D57EDC2761E4ED003E2AE7 /* CoffeeApp.swift in Sources */,
				00D57EED2761E677003E2AE7 /* Order.swift in Sources */,
				00D57EF92761F186003E2AE7 /* CreateOrderResponse.swift in Sources */,
				00D57EF72761EBF5003E2AE7 /* OrderListView.swift in Sources */,
				00D57EF42761E9A4003E2AE7 /* OrderListViewModel.swift in Sources */,
				00D57EEB2761E532003E2AE7 /* Coffee.swift in Sources */,
				00D57EF02761E72E003E2AE7 /* CoffeeService.swift in Sources */,
			);
			runOnlyForDeploymentPostprocessing = 0;
		};
/* End PBXSourcesBuildPhase section */

/* Begin XCBuildConfiguration section */
		00D57EE42761E4EF003E2AE7 /* Debug */ = {
			isa = XCBuildConfiguration;
			buildSettings = {
				ALWAYS_SEARCH_USER_PATHS = NO;
				CLANG_ANALYZER_NONNULL = YES;
				CLANG_ANALYZER_NUMBER_OBJECT_CONVERSION = YES_AGGRESSIVE;
				CLANG_CXX_LANGUAGE_STANDARD = "gnu++17";
				CLANG_CXX_LIBRARY = "libc++";
				CLANG_ENABLE_MODULES = YES;
				CLANG_ENABLE_OBJC_ARC = YES;
				CLANG_ENABLE_OBJC_WEAK = YES;
				CLANG_WARN_BLOCK_CAPTURE_AUTORELEASING = YES;
				CLANG_WARN_BOOL_CONVERSION = YES;
				CLANG_WARN_COMMA = YES;
				CLANG_WARN_CONSTANT_CONVERSION = YES;
				CLANG_WARN_DEPRECATED_OBJC_IMPLEMENTATIONS = YES;
				CLANG_WARN_DIRECT_OBJC_ISA_USAGE = YES_ERROR;
				CLANG_WARN_DOCUMENTATION_COMMENTS = YES;
				CLANG_WARN_EMPTY_BODY = YES;
				CLANG_WARN_ENUM_CONVERSION = YES;
				CLANG_WARN_INFINITE_RECURSION = YES;
				CLANG_WARN_INT_CONVERSION = YES;
				CLANG_WARN_NON_LITERAL_NULL_CONVERSION = YES;
				CLANG_WARN_OBJC_IMPLICIT_RETAIN_SELF = YES;
				CLANG_WARN_OBJC_LITERAL_CONVERSION = YES;
				CLANG_WARN_OBJC_ROOT_CLASS = YES_ERROR;
				CLANG_WARN_QUOTED_INCLUDE_IN_FRAMEWORK_HEADER = YES;
				CLANG_WARN_RANGE_LOOP_ANALYSIS = YES;
				CLANG_WARN_STRICT_PROTOTYPES = YES;
				CLANG_WARN_SUSPICIOUS_MOVE = YES;
				CLANG_WARN_UNGUARDED_AVAILABILITY = YES_AGGRESSIVE;
				CLANG_WARN_UNREACHABLE_CODE = YES;
				CLANG_WARN__DUPLICATE_METHOD_MATCH = YES;
				COPY_PHASE_STRIP = NO;
				DEBUG_INFORMATION_FORMAT = dwarf;
				ENABLE_STRICT_OBJC_MSGSEND = YES;
				ENABLE_TESTABILITY = YES;
				GCC_C_LANGUAGE_STANDARD = gnu11;
				GCC_DYNAMIC_NO_PIC = NO;
				GCC_NO_COMMON_BLOCKS = YES;
				GCC_OPTIMIZATION_LEVEL = 0;
				GCC_PREPROCESSOR_DEFINITIONS = (
					"DEBUG=1",
					"$(inherited)",
				);
				GCC_WARN_64_TO_32_BIT_CONVERSION = YES;
				GCC_WARN_ABOUT_RETURN_TYPE = YES_ERROR;
				GCC_WARN_UNDECLARED_SELECTOR = YES;
				GCC_WARN_UNINITIALIZED_AUTOS = YES_AGGRESSIVE;
				GCC_WARN_UNUSED_FUNCTION = YES;
				GCC_WARN_UNUSED_VARIABLE = YES;
				IPHONEOS_DEPLOYMENT_TARGET = 15.0;
				MTL_ENABLE_DEBUG_INFO = INCLUDE_SOURCE;
				MTL_FAST_MATH = YES;
				ONLY_ACTIVE_ARCH = YES;
				SDKROOT = iphoneos;
				SWIFT_ACTIVE_COMPILATION_CONDITIONS = DEBUG;
				SWIFT_OPTIMIZATION_LEVEL = "-Onone";
			};
			name = Debug;
		};
		00D57EE52761E4EF003E2AE7 /* Release */ = {
			isa = XCBuildConfiguration;
			buildSettings = {
				ALWAYS_SEARCH_USER_PATHS = NO;
				CLANG_ANALYZER_NONNULL = YES;
				CLANG_ANALYZER_NUMBER_OBJECT_CONVERSION = YES_AGGRESSIVE;
				CLANG_CXX_LANGUAGE_STANDARD = "gnu++17";
				CLANG_CXX_LIBRARY = "libc++";
				CLANG_ENABLE_MODULES = YES;
				CLANG_ENABLE_OBJC_ARC = YES;
				CLANG_ENABLE_OBJC_WEAK = YES;
				CLANG_WARN_BLOCK_CAPTURE_AUTORELEASING = YES;
				CLANG_WARN_BOOL_CONVERSION = YES;
				CLANG_WARN_COMMA = YES;
				CLANG_WARN_CONSTANT_CONVERSION = YES;
				CLANG_WARN_DEPRECATED_OBJC_IMPLEMENTATIONS = YES;
				CLANG_WARN_DIRECT_OBJC_ISA_USAGE = YES_ERROR;
				CLANG_WARN_DOCUMENTATION_COMMENTS = YES;
				CLANG_WARN_EMPTY_BODY = YES;
				CLANG_WARN_ENUM_CONVERSION = YES;
				CLANG_WARN_INFINITE_RECURSION = YES;
				CLANG_WARN_INT_CONVERSION = YES;
				CLANG_WARN_NON_LITERAL_NULL_CONVERSION = YES;
				CLANG_WARN_OBJC_IMPLICIT_RETAIN_SELF = YES;
				CLANG_WARN_OBJC_LITERAL_CONVERSION = YES;
				CLANG_WARN_OBJC_ROOT_CLASS = YES_ERROR;
				CLANG_WARN_QUOTED_INCLUDE_IN_FRAMEWORK_HEADER = YES;
				CLANG_WARN_RANGE_LOOP_ANALYSIS = YES;
				CLANG_WARN_STRICT_PROTOTYPES = YES;
				CLANG_WARN_SUSPICIOUS_MOVE = YES;
				CLANG_WARN_UNGUARDED_AVAILABILITY = YES_AGGRESSIVE;
				CLANG_WARN_UNREACHABLE_CODE = YES;
				CLANG_WARN__DUPLICATE_METHOD_MATCH = YES;
				COPY_PHASE_STRIP = NO;
				DEBUG_INFORMATION_FORMAT = "dwarf-with-dsym";
				ENABLE_NS_ASSERTIONS = NO;
				ENABLE_STRICT_OBJC_MSGSEND = YES;
				GCC_C_LANGUAGE_STANDARD = gnu11;
				GCC_NO_COMMON_BLOCKS = YES;
				GCC_WARN_64_TO_32_BIT_CONVERSION = YES;
				GCC_WARN_ABOUT_RETURN_TYPE = YES_ERROR;
				GCC_WARN_UNDECLARED_SELECTOR = YES;
				GCC_WARN_UNINITIALIZED_AUTOS = YES_AGGRESSIVE;
				GCC_WARN_UNUSED_FUNCTION = YES;
				GCC_WARN_UNUSED_VARIABLE = YES;
				IPHONEOS_DEPLOYMENT_TARGET = 15.0;
				MTL_ENABLE_DEBUG_INFO = NO;
				MTL_FAST_MATH = YES;
				SDKROOT = iphoneos;
				SWIFT_COMPILATION_MODE = wholemodule;
				SWIFT_OPTIMIZATION_LEVEL = "-O";
				VALIDATE_PRODUCT = YES;
			};
			name = Release;
		};
		00D57EE72761E4EF003E2AE7 /* Debug */ = {
			isa = XCBuildConfiguration;
			buildSettings = {
				ASSETCATALOG_COMPILER_APPICON_NAME = AppIcon;
				ASSETCATALOG_COMPILER_GLOBAL_ACCENT_COLOR_NAME = AccentColor;
				CODE_SIGN_STYLE = Automatic;
				CURRENT_PROJECT_VERSION = 1;
				DEVELOPMENT_ASSET_PATHS = "\"Coffee/Preview Content\"";
				DEVELOPMENT_TEAM = QH7853B55W;
				ENABLE_PREVIEWS = YES;
				GENERATE_INFOPLIST_FILE = YES;
				INFOPLIST_FILE = Coffee/Info.plist;
				INFOPLIST_KEY_UIApplicationSceneManifest_Generation = YES;
				INFOPLIST_KEY_UIApplicationSupportsIndirectInputEvents = YES;
				INFOPLIST_KEY_UILaunchScreen_Generation = YES;
				INFOPLIST_KEY_UISupportedInterfaceOrientations_iPad = "UIInterfaceOrientationPortrait UIInterfaceOrientationPortraitUpsideDown UIInterfaceOrientationLandscapeLeft UIInterfaceOrientationLandscapeRight";
				INFOPLIST_KEY_UISupportedInterfaceOrientations_iPhone = "UIInterfaceOrientationPortrait UIInterfaceOrientationLandscapeLeft UIInterfaceOrientationLandscapeRight";
				LD_RUNPATH_SEARCH_PATHS = (
					"$(inherited)",
					"@executable_path/Frameworks",
				);
				MARKETING_VERSION = 1.0;
				PRODUCT_BUNDLE_IDENTIFIER = dev.aybarsacar.Coffee;
				PRODUCT_NAME = "$(TARGET_NAME)";
				SWIFT_EMIT_LOC_STRINGS = YES;
				SWIFT_VERSION = 5.0;
				TARGETED_DEVICE_FAMILY = "1,2";
			};
			name = Debug;
		};
		00D57EE82761E4EF003E2AE7 /* Release */ = {
			isa = XCBuildConfiguration;
			buildSettings = {
				ASSETCATALOG_COMPILER_APPICON_NAME = AppIcon;
				ASSETCATALOG_COMPILER_GLOBAL_ACCENT_COLOR_NAME = AccentColor;
				CODE_SIGN_STYLE = Automatic;
				CURRENT_PROJECT_VERSION = 1;
				DEVELOPMENT_ASSET_PATHS = "\"Coffee/Preview Content\"";
				DEVELOPMENT_TEAM = QH7853B55W;
				ENABLE_PREVIEWS = YES;
				GENERATE_INFOPLIST_FILE = YES;
				INFOPLIST_FILE = Coffee/Info.plist;
				INFOPLIST_KEY_UIApplicationSceneManifest_Generation = YES;
				INFOPLIST_KEY_UIApplicationSupportsIndirectInputEvents = YES;
				INFOPLIST_KEY_UILaunchScreen_Generation = YES;
				INFOPLIST_KEY_UISupportedInterfaceOrientations_iPad = "UIInterfaceOrientationPortrait UIInterfaceOrientationPortraitUpsideDown UIInterfaceOrientationLandscapeLeft UIInterfaceOrientationLandscapeRight";
				INFOPLIST_KEY_UISupportedInterfaceOrientations_iPhone = "UIInterfaceOrientationPortrait UIInterfaceOrientationLandscapeLeft UIInterfaceOrientationLandscapeRight";
				LD_RUNPATH_SEARCH_PATHS = (
					"$(inherited)",
					"@executable_path/Frameworks",
				);
				MARKETING_VERSION = 1.0;
				PRODUCT_BUNDLE_IDENTIFIER = dev.aybarsacar.Coffee;
				PRODUCT_NAME = "$(TARGET_NAME)";
				SWIFT_EMIT_LOC_STRINGS = YES;
				SWIFT_VERSION = 5.0;
				TARGETED_DEVICE_FAMILY = "1,2";
			};
			name = Release;
		};
/* End XCBuildConfiguration section */

/* Begin XCConfigurationList section */
		00D57ED32761E4ED003E2AE7 /* Build configuration list for PBXProject "Coffee" */ = {
			isa = XCConfigurationList;
			buildConfigurations = (
				00D57EE42761E4EF003E2AE7 /* Debug */,
				00D57EE52761E4EF003E2AE7 /* Release */,
			);
			defaultConfigurationIsVisible = 0;
			defaultConfigurationName = Release;
		};
		00D57EE62761E4EF003E2AE7 /* Build configuration list for PBXNativeTarget "Coffee" */ = {
			isa = XCConfigurationList;
			buildConfigurations = (
				00D57EE72761E4EF003E2AE7 /* Debug */,
				00D57EE82761E4EF003E2AE7 /* Release */,
			);
			defaultConfigurationIsVisible = 0;
			defaultConfigurationName = Release;
		};
/* End XCConfigurationList section */
	};
	rootObject = 00D57ED02761E4ED003E2AE7 /* Project object */;
}
